
Microsoft Visual Studio Solution File, Format Version 12.00
# Visual Studio 15
VisualStudioVersion = 15.0.26430.13
MinimumVisualStudioVersion = 10.0.40219.1
Project("{D954291E-2A0B-460D-934E-DC6B0785DB48}") = "Main", "Main\Main\Main.shproj", "{E491E138-3C34-4749-811B-E0C13D39CB25}"
EndProject
Project("{FAE04EC0-301F-11D3-BF4B-00C04F79EFBC}") = "Main.Android", "Main\Main.Android\Main.Android.csproj", "{B8920D0B-EF2C-492B-974E-3372D0083ADE}"
EndProject
Project("{FAE04EC0-301F-11D3-BF4B-00C04F79EFBC}") = "Main.iOS", "Main\Main.iOS\Main.iOS.csproj", "{FE758E3A-CF41-4278-AF7E-F0A8BEFEF8B0}"
EndProject
Project("{FAE04EC0-301F-11D3-BF4B-00C04F79EFBC}") = "Main.UWP", "Main\Main.UWP\Main.UWP.csproj", "{E5EE0CD8-A17D-4FA0-A8FD-14D872599E64}"
EndProject
Global
	GlobalSection(SharedMSBuildProjectFiles) = preSolution
		Main\Main\Main.projitems*{b8920d0b-ef2c-492b-974e-3372d0083ade}*SharedItemsImports = 4
		Main\Main\Main.projitems*{e491e138-3c34-4749-811b-e0c13d39cb25}*SharedItemsImports = 13
		Main\Main\Main.projitems*{fe758e3a-cf41-4278-af7e-f0a8befef8b0}*SharedItemsImports = 4
	EndGlobalSection
	GlobalSection(SolutionConfigurationPlatforms) = preSolution
		Ad-Hoc|Any CPU = Ad-Hoc|Any CPU
		Ad-Hoc|ARM = Ad-Hoc|ARM
		Ad-Hoc|iPhone = Ad-Hoc|iPhone
		Ad-Hoc|iPhoneSimulator = Ad-Hoc|iPhoneSimulator
		Ad-Hoc|x64 = Ad-Hoc|x64
		Ad-Hoc|x86 = Ad-Hoc|x86
		AppStore|Any CPU = AppStore|Any CPU
		AppStore|ARM = AppStore|ARM
		AppStore|iPhone = AppStore|iPhone
		AppStore|iPhoneSimulator = AppStore|iPhoneSimulator
		AppStore|x64 = AppStore|x64
		AppStore|x86 = AppStore|x86
		Debug|Any CPU = Debug|Any CPU
		Debug|ARM = Debug|ARM
		Debug|iPhone = Debug|iPhone
		Debug|iPhoneSimulator = Debug|iPhoneSimulator
		Debug|x64 = Debug|x64
		Debug|x86 = Debug|x86
		Release|Any CPU = Release|Any CPU
		Release|ARM = Release|ARM
		Release|iPhone = Release|iPhone
		Release|iPhoneSimulator = Release|iPhoneSimulator
		Release|x64 = Release|x64
		Release|x86 = Release|x86
	EndGlobalSection
	GlobalSection(ProjectConfigurationPlatforms) = postSolution
		{B8920D0B-EF2C-492B-974E-3372D0083ADE}.Ad-Hoc|Any CPU.ActiveCfg = Release|Any CPU
		{B8920D0B-EF2C-492B-974E-3372D0083ADE}.Ad-Hoc|Any CPU.Build.0 = Release|Any CPU
		{B8920D0B-EF2C-492B-974E-3372D0083ADE}.Ad-Hoc|Any CPU.Deploy.0 = Release|Any CPU
		{B8920D0B-EF2C-492B-974E-3372D0083ADE}.Ad-Hoc|ARM.ActiveCfg = Release|Any CPU
		{B8920D0B-EF2C-492B-974E-3372D0083ADE}.Ad-Hoc|ARM.Build.0 = Release|Any CPU
		{B8920D0B-EF2C-492B-974E-3372D0083ADE}.Ad-Hoc|ARM.Deploy.0 = Release|Any CPU
		{B8920D0B-EF2C-492B-974E-3372D0083ADE}.Ad-Hoc|iPhone.ActiveCfg = Release|Any CPU
		{B8920D0B-EF2C-492B-974E-3372D0083ADE}.Ad-Hoc|iPhone.Build.0 = Release|Any CPU
		{B8920D0B-EF2C-492B-974E-3372D0083ADE}.Ad-Hoc|iPhone.Deploy.0 = Release|Any CPU
		{B8920D0B-EF2C-492B-974E-3372D0083ADE}.Ad-Hoc|iPhoneSimulator.ActiveCfg = Release|Any CPU
		{B8920D0B-EF2C-492B-974E-3372D0083ADE}.Ad-Hoc|iPhoneSimulator.Build.0 = Release|Any CPU
		{B8920D0B-EF2C-492B-974E-3372D0083ADE}.Ad-Hoc|iPhoneSimulator.Deploy.0 = Release|Any CPU
		{B8920D0B-EF2C-492B-974E-3372D0083ADE}.Ad-Hoc|x64.ActiveCfg = Release|Any CPU
		{B8920D0B-EF2C-492B-974E-3372D0083ADE}.Ad-Hoc|x64.Build.0 = Release|Any CPU
		{B8920D0B-EF2C-492B-974E-3372D0083ADE}.Ad-Hoc|x64.Deploy.0 = Release|Any CPU
		{B8920D0B-EF2C-492B-974E-3372D0083ADE}.Ad-Hoc|x86.ActiveCfg = Release|Any CPU
		{B8920D0B-EF2C-492B-974E-3372D0083ADE}.Ad-Hoc|x86.Build.0 = Release|Any CPU
		{B8920D0B-EF2C-492B-974E-3372D0083ADE}.Ad-Hoc|x86.Deploy.0 = Release|Any CPU
		{B8920D0B-EF2C-492B-974E-3372D0083ADE}.AppStore|Any CPU.ActiveCfg = Release|Any CPU
		{B8920D0B-EF2C-492B-974E-3372D0083ADE}.AppStore|Any CPU.Build.0 = Release|Any CPU
		{B8920D0B-EF2C-492B-974E-3372D0083ADE}.AppStore|Any CPU.Deploy.0 = Release|Any CPU
		{B8920D0B-EF2C-492B-974E-3372D0083ADE}.AppStore|ARM.ActiveCfg = Release|Any CPU
		{B8920D0B-EF2C-492B-974E-3372D0083ADE}.AppStore|ARM.Build.0 = Release|Any CPU
		{B8920D0B-EF2C-492B-974E-3372D0083ADE}.AppStore|ARM.Deploy.0 = Release|Any CPU
		{B8920D0B-EF2C-492B-974E-3372D0083ADE}.AppStore|iPhone.ActiveCfg = Release|Any CPU
		{B8920D0B-EF2C-492B-974E-3372D0083ADE}.AppStore|iPhone.Build.0 = Release|Any CPU
		{B8920D0B-EF2C-492B-974E-3372D0083ADE}.AppStore|iPhone.Deploy.0 = Release|Any CPU
		{B8920D0B-EF2C-492B-974E-3372D0083ADE}.AppStore|iPhoneSimulator.ActiveCfg = Release|Any CPU
		{B8920D0B-EF2C-492B-974E-3372D0083ADE}.AppStore|iPhoneSimulator.Build.0 = Release|Any CPU
		{B8920D0B-EF2C-492B-974E-3372D0083ADE}.AppStore|iPhoneSimulator.Deploy.0 = Release|Any CPU
		{B8920D0B-EF2C-492B-974E-3372D0083ADE}.AppStore|x64.ActiveCfg = Release|Any CPU
		{B8920D0B-EF2C-492B-974E-3372D0083ADE}.AppStore|x64.Build.0 = Release|Any CPU
		{B8920D0B-EF2C-492B-974E-3372D0083ADE}.AppStore|x64.Deploy.0 = Release|Any CPU
		{B8920D0B-EF2C-492B-974E-3372D0083ADE}.AppStore|x86.ActiveCfg = Release|Any CPU
		{B8920D0B-EF2C-492B-974E-3372D0083ADE}.AppStore|x86.Build.0 = Release|Any CPU
		{B8920D0B-EF2C-492B-974E-3372D0083ADE}.AppStore|x86.Deploy.0 = Release|Any CPU
		{B8920D0B-EF2C-492B-974E-3372D0083ADE}.Debug|Any CPU.ActiveCfg = Debug|Any CPU
		{B8920D0B-EF2C-492B-974E-3372D0083ADE}.Debug|Any CPU.Build.0 = Debug|Any CPU
		{B8920D0B-EF2C-492B-974E-3372D0083ADE}.Debug|Any CPU.Deploy.0 = Debug|Any CPU
		{B8920D0B-EF2C-492B-974E-3372D0083ADE}.Debug|ARM.ActiveCfg = Debug|Any CPU
		{B8920D0B-EF2C-492B-974E-3372D0083ADE}.Debug|ARM.Build.0 = Debug|Any CPU
		{B8920D0B-EF2C-492B-974E-3372D0083ADE}.Debug|ARM.Deploy.0 = Debug|Any CPU
		{B8920D0B-EF2C-492B-974E-3372D0083ADE}.Debug|iPhone.ActiveCfg = Debug|Any CPU
		{B8920D0B-EF2C-492B-974E-3372D0083ADE}.Debug|iPhone.Build.0 = Debug|Any CPU
		{B8920D0B-EF2C-492B-974E-3372D0083ADE}.Debug|iPhone.Deploy.0 = Debug|Any CPU
		{B8920D0B-EF2C-492B-974E-3372D0083ADE}.Debug|iPhoneSimulator.ActiveCfg = Debug|Any CPU
		{B8920D0B-EF2C-492B-974E-3372D0083ADE}.Debug|iPhoneSimulator.Build.0 = Debug|Any CPU
		{B8920D0B-EF2C-492B-974E-3372D0083ADE}.Debug|iPhoneSimulator.Deploy.0 = Debug|Any CPU
		{B8920D0B-EF2C-492B-974E-3372D0083ADE}.Debug|x64.ActiveCfg = Debug|Any CPU
		{B8920D0B-EF2C-492B-974E-3372D0083ADE}.Debug|x64.Build.0 = Debug|Any CPU
		{B8920D0B-EF2C-492B-974E-3372D0083ADE}.Debug|x64.Deploy.0 = Debug|Any CPU
		{B8920D0B-EF2C-492B-974E-3372D0083ADE}.Debug|x86.ActiveCfg = Debug|Any CPU
		{B8920D0B-EF2C-492B-974E-3372D0083ADE}.Debug|x86.Build.0 = Debug|Any CPU
		{B8920D0B-EF2C-492B-974E-3372D0083ADE}.Debug|x86.Deploy.0 = Debug|Any CPU
		{B8920D0B-EF2C-492B-974E-3372D0083ADE}.Release|Any CPU.ActiveCfg = Release|Any CPU
		{B8920D0B-EF2C-492B-974E-3372D0083ADE}.Release|Any CPU.Build.0 = Release|Any CPU
		{B8920D0B-EF2C-492B-974E-3372D0083ADE}.Release|Any CPU.Deploy.0 = Release|Any CPU
		{B8920D0B-EF2C-492B-974E-3372D0083ADE}.Release|ARM.ActiveCfg = Release|Any CPU
		{B8920D0B-EF2C-492B-974E-3372D0083ADE}.Release|ARM.Build.0 = Release|Any CPU
		{B8920D0B-EF2C-492B-974E-3372D0083ADE}.Release|ARM.Deploy.0 = Release|Any CPU
		{B8920D0B-EF2C-492B-974E-3372D0083ADE}.Release|iPhone.ActiveCfg = Release|Any CPU
		{B8920D0B-EF2C-492B-974E-3372D0083ADE}.Release|iPhone.Build.0 = Release|Any CPU
		{B8920D0B-EF2C-492B-974E-3372D0083ADE}.Release|iPhone.Deploy.0 = Release|Any CPU
		{B8920D0B-EF2C-492B-974E-3372D0083ADE}.Release|iPhoneSimulator.ActiveCfg = Release|Any CPU
		{B8920D0B-EF2C-492B-974E-3372D0083ADE}.Release|iPhoneSimulator.Build.0 = Release|Any CPU
		{B8920D0B-EF2C-492B-974E-3372D0083ADE}.Release|iPhoneSimulator.Deploy.0 = Release|Any CPU
		{B8920D0B-EF2C-492B-974E-3372D0083ADE}.Release|x64.ActiveCfg = Release|Any CPU
		{B8920D0B-EF2C-492B-974E-3372D0083ADE}.Release|x64.Build.0 = Release|Any CPU
		{B8920D0B-EF2C-492B-974E-3372D0083ADE}.Release|x64.Deploy.0 = Release|Any CPU
		{B8920D0B-EF2C-492B-974E-3372D0083ADE}.Release|x86.ActiveCfg = Release|Any CPU
		{B8920D0B-EF2C-492B-974E-3372D0083ADE}.Release|x86.Build.0 = Release|Any CPU
		{B8920D0B-EF2C-492B-974E-3372D0083ADE}.Release|x86.Deploy.0 = Release|Any CPU
		{FE758E3A-CF41-4278-AF7E-F0A8BEFEF8B0}.Ad-Hoc|Any CPU.ActiveCfg = Ad-Hoc|iPhone
		{FE758E3A-CF41-4278-AF7E-F0A8BEFEF8B0}.Ad-Hoc|ARM.ActiveCfg = Ad-Hoc|iPhone
		{FE758E3A-CF41-4278-AF7E-F0A8BEFEF8B0}.Ad-Hoc|iPhone.ActiveCfg = Ad-Hoc|iPhone
		{FE758E3A-CF41-4278-AF7E-F0A8BEFEF8B0}.Ad-Hoc|iPhone.Build.0 = Ad-Hoc|iPhone
		{FE758E3A-CF41-4278-AF7E-F0A8BEFEF8B0}.Ad-Hoc|iPhoneSimulator.ActiveCfg = Ad-Hoc|iPhoneSimulator
		{FE758E3A-CF41-4278-AF7E-F0A8BEFEF8B0}.Ad-Hoc|iPhoneSimulator.Build.0 = Ad-Hoc|iPhoneSimulator
		{FE758E3A-CF41-4278-AF7E-F0A8BEFEF8B0}.Ad-Hoc|x64.ActiveCfg = Ad-Hoc|iPhone
		{FE758E3A-CF41-4278-AF7E-F0A8BEFEF8B0}.Ad-Hoc|x86.ActiveCfg = Ad-Hoc|iPhone
		{FE758E3A-CF41-4278-AF7E-F0A8BEFEF8B0}.AppStore|Any CPU.ActiveCfg = AppStore|iPhone
		{FE758E3A-CF41-4278-AF7E-F0A8BEFEF8B0}.AppStore|ARM.ActiveCfg = AppStore|iPhone
		{FE758E3A-CF41-4278-AF7E-F0A8BEFEF8B0}.AppStore|iPhone.ActiveCfg = AppStore|iPhone
		{FE758E3A-CF41-4278-AF7E-F0A8BEFEF8B0}.AppStore|iPhone.Build.0 = AppStore|iPhone
		{FE758E3A-CF41-4278-AF7E-F0A8BEFEF8B0}.AppStore|iPhoneSimulator.ActiveCfg = AppStore|iPhoneSimulator
		{FE758E3A-CF41-4278-AF7E-F0A8BEFEF8B0}.AppStore|iPhoneSimulator.Build.0 = AppStore|iPhoneSimulator
		{FE758E3A-CF41-4278-AF7E-F0A8BEFEF8B0}.AppStore|x64.ActiveCfg = AppStore|iPhone
		{FE758E3A-CF41-4278-AF7E-F0A8BEFEF8B0}.AppStore|x86.ActiveCfg = AppStore|iPhone
		{FE758E3A-CF41-4278-AF7E-F0A8BEFEF8B0}.Debug|Any CPU.ActiveCfg = Debug|iPhone
		{FE758E3A-CF41-4278-AF7E-F0A8BEFEF8B0}.Debug|ARM.ActiveCfg = Debug|iPhone
		{FE758E3A-CF41-4278-AF7E-F0A8BEFEF8B0}.Debug|iPhone.ActiveCfg = Debug|iPhone
		{FE758E3A-CF41-4278-AF7E-F0A8BEFEF8B0}.Debug|iPhone.Build.0 = Debug|iPhone
		{FE758E3A-CF41-4278-AF7E-F0A8BEFEF8B0}.Debug|iPhoneSimulator.ActiveCfg = Debug|iPhoneSimulator
		{FE758E3A-CF41-4278-AF7E-F0A8BEFEF8B0}.Debug|iPhoneSimulator.Build.0 = Debug|iPhoneSimulator
		{FE758E3A-CF41-4278-AF7E-F0A8BEFEF8B0}.Debug|x64.ActiveCfg = Debug|iPhone
		{FE758E3A-CF41-4278-AF7E-F0A8BEFEF8B0}.Debug|x86.ActiveCfg = Debug|iPhone
		{FE758E3A-CF41-4278-AF7E-F0A8BEFEF8B0}.Release|Any CPU.ActiveCfg = Release|iPhone
		{FE758E3A-CF41-4278-AF7E-F0A8BEFEF8B0}.Release|ARM.ActiveCfg = Release|iPhone
		{FE758E3A-CF41-4278-AF7E-F0A8BEFEF8B0}.Release|iPhone.ActiveCfg = Release|iPhone
		{FE758E3A-CF41-4278-AF7E-F0A8BEFEF8B0}.Release|iPhone.Build.0 = Release|iPhone
		{FE758E3A-CF41-4278-AF7E-F0A8BEFEF8B0}.Release|iPhoneSimulator.ActiveCfg = Release|iPhoneSimulator
		{FE758E3A-CF41-4278-AF7E-F0A8BEFEF8B0}.Release|iPhoneSimulator.Build.0 = Release|iPhoneSimulator
		{FE758E3A-CF41-4278-AF7E-F0A8BEFEF8B0}.Release|x64.ActiveCfg = Release|iPhone
		{FE758E3A-CF41-4278-AF7E-F0A8BEFEF8B0}.Release|x86.ActiveCfg = Release|iPhone
		{E5EE0CD8-A17D-4FA0-A8FD-14D872599E64}.Ad-Hoc|Any CPU.ActiveCfg = Release|x86
		{E5EE0CD8-A17D-4FA0-A8FD-14D872599E64}.Ad-Hoc|Any CPU.Build.0 = Release|x86
		{E5EE0CD8-A17D-4FA0-A8FD-14D872599E64}.Ad-Hoc|Any CPU.Deploy.0 = Release|x86
		{E5EE0CD8-A17D-4FA0-A8FD-14D872599E64}.Ad-Hoc|ARM.ActiveCfg = Release|ARM
		{E5EE0CD8-A17D-4FA0-A8FD-14D872599E64}.Ad-Hoc|ARM.Build.0 = Release|ARM
		{E5EE0CD8-A17D-4FA0-A8FD-14D872599E64}.Ad-Hoc|ARM.Deploy.0 = Release|ARM
		{E5EE0CD8-A17D-4FA0-A8FD-14D872599E64}.Ad-Hoc|iPhone.ActiveCfg = Release|x86
		{E5EE0CD8-A17D-4FA0-A8FD-14D872599E64}.Ad-Hoc|iPhone.Build.0 = Release|x86
		{E5EE0CD8-A17D-4FA0-A8FD-14D872599E64}.Ad-Hoc|iPhone.Deploy.0 = Release|x86
		{E5EE0CD8-A17D-4FA0-A8FD-14D872599E64}.Ad-Hoc|iPhoneSimulator.ActiveCfg = Release|x86
		{E5EE0CD8-A17D-4FA0-A8FD-14D872599E64}.Ad-Hoc|iPhoneSimulator.Build.0 = Release|x86
		{E5EE0CD8-A17D-4FA0-A8FD-14D872599E64}.Ad-Hoc|iPhoneSimulator.Deploy.0 = Release|x86
		{E5EE0CD8-A17D-4FA0-A8FD-14D872599E64}.Ad-Hoc|x64.ActiveCfg = Release|x64
		{E5EE0CD8-A17D-4FA0-A8FD-14D872599E64}.Ad-Hoc|x64.Build.0 = Release|x64
		{E5EE0CD8-A17D-4FA0-A8FD-14D872599E64}.Ad-Hoc|x64.Deploy.0 = Release|x64
		{E5EE0CD8-A17D-4FA0-A8FD-14D872599E64}.Ad-Hoc|x86.ActiveCfg = Release|x86
		{E5EE0CD8-A17D-4FA0-A8FD-14D872599E64}.Ad-Hoc|x86.Build.0 = Release|x86
		{E5EE0CD8-A17D-4FA0-A8FD-14D872599E64}.Ad-Hoc|x86.Deploy.0 = Release|x86
		{E5EE0CD8-A17D-4FA0-A8FD-14D872599E64}.AppStore|Any CPU.ActiveCfg = Release|x86
		{E5EE0CD8-A17D-4FA0-A8FD-14D872599E64}.AppStore|Any CPU.Build.0 = Release|x86
		{E5EE0CD8-A17D-4FA0-A8FD-14D872599E64}.AppStore|Any CPU.Deploy.0 = Release|x86
		{E5EE0CD8-A17D-4FA0-A8FD-14D872599E64}.AppStore|ARM.ActiveCfg = Release|ARM
		{E5EE0CD8-A17D-4FA0-A8FD-14D872599E64}.AppStore|ARM.Build.0 = Release|ARM
		{E5EE0CD8-A17D-4FA0-A8FD-14D872599E64}.AppStore|ARM.Deploy.0 = Release|ARM
		{E5EE0CD8-A17D-4FA0-A8FD-14D872599E64}.AppStore|iPhone.ActiveCfg = Release|x86
		{E5EE0CD8-A17D-4FA0-A8FD-14D872599E64}.AppStore|iPhone.Build.0 = Release|x86
		{E5EE0CD8-A17D-4FA0-A8FD-14D872599E64}.AppStore|iPhone.Deploy.0 = Release|x86
		{E5EE0CD8-A17D-4FA0-A8FD-14D872599E64}.AppStore|iPhoneSimulator.ActiveCfg = Release|x86
		{E5EE0CD8-A17D-4FA0-A8FD-14D872599E64}.AppStore|iPhoneSimulator.Build.0 = Release|x86
		{E5EE0CD8-A17D-4FA0-A8FD-14D872599E64}.AppStore|iPhoneSimulator.Deploy.0 = Release|x86
		{E5EE0CD8-A17D-4FA0-A8FD-14D872599E64}.AppStore|x64.ActiveCfg = Release|x64
		{E5EE0CD8-A17D-4FA0-A8FD-14D872599E64}.AppStore|x64.Build.0 = Release|x64
		{E5EE0CD8-A17D-4FA0-A8FD-14D872599E64}.AppStore|x64.Deploy.0 = Release|x64
		{E5EE0CD8-A17D-4FA0-A8FD-14D872599E64}.AppStore|x86.ActiveCfg = Release|x86
		{E5EE0CD8-A17D-4FA0-A8FD-14D872599E64}.AppStore|x86.Build.0 = Release|x86
		{E5EE0CD8-A17D-4FA0-A8FD-14D872599E64}.AppStore|x86.Deploy.0 = Release|x86
		{E5EE0CD8-A17D-4FA0-A8FD-14D872599E64}.Debug|Any CPU.ActiveCfg = Debug|x86
		{E5EE0CD8-A17D-4FA0-A8FD-14D872599E64}.Debug|ARM.ActiveCfg = Debug|ARM
		{E5EE0CD8-A17D-4FA0-A8FD-14D872599E64}.Debug|ARM.Build.0 = Debug|ARM
		{E5EE0CD8-A17D-4FA0-A8FD-14D872599E64}.Debug|ARM.Deploy.0 = Debug|ARM
		{E5EE0CD8-A17D-4FA0-A8FD-14D872599E64}.Debug|iPhone.ActiveCfg = Debug|x86
		{E5EE0CD8-A17D-4FA0-A8FD-14D872599E64}.Debug|iPhoneSimulator.ActiveCfg = Debug|x86
		{E5EE0CD8-A17D-4FA0-A8FD-14D872599E64}.Debug|x64.ActiveCfg = Debug|x64
		{E5EE0CD8-A17D-4FA0-A8FD-14D872599E64}.Debug|x64.Build.0 = Debug|x64
		{E5EE0CD8-A17D-4FA0-A8FD-14D872599E64}.Debug|x64.Deploy.0 = Debug|x64
		{E5EE0CD8-A17D-4FA0-A8FD-14D872599E64}.Debug|x86.ActiveCfg = Debug|x86
		{E5EE0CD8-A17D-4FA0-A8FD-14D872599E64}.Debug|x86.Build.0 = Debug|x86
		{E5EE0CD8-A17D-4FA0-A8FD-14D872599E64}.Debug|x86.Deploy.0 = Debug|x86
		{E5EE0CD8-A17D-4FA0-A8FD-14D872599E64}.Release|Any CPU.ActiveCfg = Release|x86
		{E5EE0CD8-A17D-4FA0-A8FD-14D872599E64}.Release|ARM.ActiveCfg = Release|ARM
		{E5EE0CD8-A17D-4FA0-A8FD-14D872599E64}.Release|ARM.Build.0 = Release|ARM
		{E5EE0CD8-A17D-4FA0-A8FD-14D872599E64}.Release|ARM.Deploy.0 = Release|ARM
		{E5EE0CD8-A17D-4FA0-A8FD-14D872599E64}.Release|iPhone.ActiveCfg = Release|x86
		{E5EE0CD8-A17D-4FA0-A8FD-14D872599E64}.Release|iPhoneSimulator.ActiveCfg = Release|x86
		{E5EE0CD8-A17D-4FA0-A8FD-14D872599E64}.Release|x64.ActiveCfg = Release|x64
		{E5EE0CD8-A17D-4FA0-A8FD-14D872599E64}.Release|x64.Build.0 = Release|x64
		{E5EE0CD8-A17D-4FA0-A8FD-14D872599E64}.Release|x64.Deploy.0 = Release|x64
		{E5EE0CD8-A17D-4FA0-A8FD-14D872599E64}.Release|x86.ActiveCfg = Release|x86
		{E5EE0CD8-A17D-4FA0-A8FD-14D872599E64}.Release|x86.Build.0 = Release|x86
		{E5EE0CD8-A17D-4FA0-A8FD-14D872599E64}.Release|x86.Deploy.0 = Release|x86
	EndGlobalSection
	GlobalSection(SolutionProperties) = preSolution
		HideSolutionNode = FALSE
	EndGlobalSection
EndGlobal
